
Microsoft Visual Studio Solution File, Format Version 12.00
# Visual Studio 15
VisualStudioVersion = 15.0.28307.106
MinimumVisualStudioVersion = 10.0.40219.1
Project("{FAE04EC0-301F-11D3-BF4B-00C04F79EFBC}") = "D", "D\D.csproj", "{2F8D7DCE-EFF9-48EF-A77C-983140717283}"
EndProject
Global
	GlobalSection(SolutionConfigurationPlatforms) = preSolution
		Debug|Any CPU = Debug|Any CPU
		Release|Any CPU = Release|Any CPU
	EndGlobalSection
	GlobalSection(ProjectConfigurationPlatforms) = postSolution
		{2F8D7DCE-EFF9-48EF-A77C-983140717283}.Debug|Any CPU.ActiveCfg = Debug|Any CPU
		{2F8D7DCE-EFF9-48EF-A77C-983140717283}.Debug|Any CPU.Build.0 = Debug|Any CPU
		{2F8D7DCE-EFF9-48EF-A77C-983140717283}.Release|Any CPU.ActiveCfg = Release|Any CPU
		{2F8D7DCE-EFF9-48EF-A77C-983140717283}.Release|Any CPU.Build.0 = Release|Any CPU
	EndGlobalSection
	GlobalSection(SolutionProperties) = preSolution
		HideSolutionNode = FALSE
	EndGlobalSection
	GlobalSection(ExtensibilityGlobals) = postSolution
		SolutionGuid = {EB0E9D1F-0840-4153-8053-B33FF7A9B8EF}
	EndGlobalSection
EndGlobal
